
Microsoft Visual Studio Solution File, Format Version 12.00
# Visual Studio 15
VisualStudioVersion = 15.0.28307.1259
MinimumVisualStudioVersion = 10.0.40219.1
Project("{8BC9CEB8-8B4A-11D0-8D11-00A0C91BC942}") = "HW", "HW\HW.vcxproj", "{A50098AE-1457-4212-9D26-27B65F3CAA39}"
EndProject
Global
	GlobalSection(SolutionConfigurationPlatforms) = preSolution
		Debug|x64 = Debug|x64
		Debug|x86 = Debug|x86
		Release|x64 = Release|x64
		Release|x86 = Release|x86
	EndGlobalSection
	GlobalSection(ProjectConfigurationPlatforms) = postSolution
		{A50098AE-1457-4212-9D26-27B65F3CAA39}.Debug|x64.ActiveCfg = Debug|x64
		{A50098AE-1457-4212-9D26-27B65F3CAA39}.Debug|x64.Build.0 = Debug|x64
		{A50098AE-1457-4212-9D26-27B65F3CAA39}.Debug|x86.ActiveCfg = Debug|Win32
		{A50098AE-1457-4212-9D26-27B65F3CAA39}.Debug|x86.Build.0 = Debug|Win32
		{A50098AE-1457-4212-9D26-27B65F3CAA39}.Release|x64.ActiveCfg = Release|x64
		{A50098AE-1457-4212-9D26-27B65F3CAA39}.Release|x64.Build.0 = Release|x64
		{A50098AE-1457-4212-9D26-27B65F3CAA39}.Release|x86.ActiveCfg = Release|Win32
		{A50098AE-1457-4212-9D26-27B65F3CAA39}.Release|x86.Build.0 = Release|Win32
	EndGlobalSection
	GlobalSection(SolutionProperties) = preSolution
		HideSolutionNode = FALSE
	EndGlobalSection
	GlobalSection(ExtensibilityGlobals) = postSolution
		SolutionGuid = {6C4F389B-2FCF-4017-A2C9-EDE9DF2B441E}
	EndGlobalSection
EndGlobal
